// !$*UTF8*$!
{
	archiveVersion = 1;
	classes = {
	};
	objectVersion = 46;
	objects = {

/* Begin PBXBuildFile section */
		35399EBC1DBA0AC800F0A911 /* AppDelegate.swift in Sources */ = {isa = PBXBuildFile; fileRef = 35399EBB1DBA0AC800F0A911 /* AppDelegate.swift */; };
		35399EBE1DBA0AC800F0A911 /* TableViewController.swift in Sources */ = {isa = PBXBuildFile; fileRef = 35399EBD1DBA0AC800F0A911 /* TableViewController.swift */; };
		35399EC11DBA0AC800F0A911 /* Main.storyboard in Resources */ = {isa = PBXBuildFile; fileRef = 35399EBF1DBA0AC800F0A911 /* Main.storyboard */; };
		35399EC31DBA0AC800F0A911 /* Assets.xcassets in Resources */ = {isa = PBXBuildFile; fileRef = 35399EC21DBA0AC800F0A911 /* Assets.xcassets */; };
		35399EC61DBA0AC800F0A911 /* LaunchScreen.storyboard in Resources */ = {isa = PBXBuildFile; fileRef = 35399EC41DBA0AC800F0A911 /* LaunchScreen.storyboard */; };
		35796FA11DBE8C78008D140F /* UserCell.swift in Sources */ = {isa = PBXBuildFile; fileRef = 35796FA01DBE8C78008D140F /* UserCell.swift */; };
		35796FA31DBF48BF008D140F /* User.swift in Sources */ = {isa = PBXBuildFile; fileRef = 35796FA21DBF48BF008D140F /* User.swift */; };
		35796FA51DBF4C06008D140F /* SimpleTableViewCell.swift in Sources */ = {isa = PBXBuildFile; fileRef = 35796FA41DBF4C06008D140F /* SimpleTableViewCell.swift */; };
		35796FA71DBF4C26008D140F /* Storyboard.swift in Sources */ = {isa = PBXBuildFile; fileRef = 35796FA61DBF4C26008D140F /* Storyboard.swift */; };
		35796FA91DBF4C48008D140F /* MainStoryboard.swift in Sources */ = {isa = PBXBuildFile; fileRef = 35796FA81DBF4C48008D140F /* MainStoryboard.swift */; };
		35796FAD1DBF4CCD008D140F /* MyTableViewDataSource.swift in Sources */ = {isa = PBXBuildFile; fileRef = 35796FAC1DBF4CCD008D140F /* MyTableViewDataSource.swift */; };
		35796FAF1DBF61A1008D140F /* GenreCellModel.swift in Sources */ = {isa = PBXBuildFile; fileRef = 35796FAE1DBF61A1008D140F /* GenreCellModel.swift */; };
		358938341DC0A5CF002032F6 /* AutolayoutTableView.swift in Sources */ = {isa = PBXBuildFile; fileRef = 358938331DC0A5CF002032F6 /* AutolayoutTableView.swift */; };
		358938381DC0CF11002032F6 /* ViewController+UITableViewDelegate.swift in Sources */ = {isa = PBXBuildFile; fileRef = 358938371DC0CF11002032F6 /* ViewController+UITableViewDelegate.swift */; };
		35ABAC321E409B2200963006 /* MyCollectionViewDataSource.swift in Sources */ = {isa = PBXBuildFile; fileRef = 35ABAC311E409B2200963006 /* MyCollectionViewDataSource.swift */; };
		35ABAC361E40B11600963006 /* CollectionViewController.swift in Sources */ = {isa = PBXBuildFile; fileRef = 35ABAC351E40B11600963006 /* CollectionViewController.swift */; };
		35ABAC381E40B13600963006 /* SimpleCellModel.swift in Sources */ = {isa = PBXBuildFile; fileRef = 35ABAC371E40B13600963006 /* SimpleCellModel.swift */; };
		35ABAC3A1E40B15E00963006 /* SimpleCollectionViewCell.swift in Sources */ = {isa = PBXBuildFile; fileRef = 35ABAC391E40B15E00963006 /* SimpleCollectionViewCell.swift */; };
		35ABAC3D1E40B1B200963006 /* GenreCollectionViewCell.swift in Sources */ = {isa = PBXBuildFile; fileRef = 35ABAC3C1E40B1B200963006 /* GenreCollectionViewCell.swift */; };
		35ABAC3F1E40B1C900963006 /* GenreTableViewCell.swift in Sources */ = {isa = PBXBuildFile; fileRef = 35ABAC3E1E40B1C900963006 /* GenreTableViewCell.swift */; };
		35ABAC421E40B1FA00963006 /* UserCollectionViewCell.swift in Sources */ = {isa = PBXBuildFile; fileRef = 35ABAC411E40B1FA00963006 /* UserCollectionViewCell.swift */; };
		35ABAC441E40B20A00963006 /* UserTableViewCell.swift in Sources */ = {isa = PBXBuildFile; fileRef = 35ABAC431E40B20A00963006 /* UserTableViewCell.swift */; };
		35F4184D1E436DE5007EBAC2 /* DataSource.codesnippet in Resources */ = {isa = PBXBuildFile; fileRef = 35F418391E436DE5007EBAC2 /* DataSource.codesnippet */; };
		35F4184E1E436DE5007EBAC2 /* TableViewCompatible.codesnippet in Resources */ = {isa = PBXBuildFile; fileRef = 35F4183A1E436DE5007EBAC2 /* TableViewCompatible.codesnippet */; };
		35F4184F1E436DE5007EBAC2 /* CollectionViewCompatible.swift in Sources */ = {isa = PBXBuildFile; fileRef = 35F4183C1E436DE5007EBAC2 /* CollectionViewCompatible.swift */; };
		35F418501E436DE5007EBAC2 /* CollectionViewData.swift in Sources */ = {isa = PBXBuildFile; fileRef = 35F4183D1E436DE5007EBAC2 /* CollectionViewData.swift */; };
		35F418511E436DE5007EBAC2 /* CollectionViewDataSource.swift in Sources */ = {isa = PBXBuildFile; fileRef = 35F4183E1E436DE5007EBAC2 /* CollectionViewDataSource.swift */; };
		35F418521E436DE5007EBAC2 /* CollectionViewSection.swift in Sources */ = {isa = PBXBuildFile; fileRef = 35F4183F1E436DE5007EBAC2 /* CollectionViewSection.swift */; };
		35F418551E436DE5007EBAC2 /* ChangeListener.swift in Sources */ = {isa = PBXBuildFile; fileRef = 35F418431E436DE5007EBAC2 /* ChangeListener.swift */; };
		35F418561E436DE5007EBAC2 /* CollectionAndTableViewCompatible.swift in Sources */ = {isa = PBXBuildFile; fileRef = 35F418441E436DE5007EBAC2 /* CollectionAndTableViewCompatible.swift */; };
		35F418571E436DE5007EBAC2 /* Configurable.swift in Sources */ = {isa = PBXBuildFile; fileRef = 35F418451E436DE5007EBAC2 /* Configurable.swift */; };
		35F418581E436DE5007EBAC2 /* DisplayCycle.swift in Sources */ = {isa = PBXBuildFile; fileRef = 35F418461E436DE5007EBAC2 /* DisplayCycle.swift */; };
		35F418591E436DE5007EBAC2 /* TableViewCompatible.swift in Sources */ = {isa = PBXBuildFile; fileRef = 35F418481E436DE5007EBAC2 /* TableViewCompatible.swift */; };
		35F4185A1E436DE5007EBAC2 /* TableViewData.swift in Sources */ = {isa = PBXBuildFile; fileRef = 35F418491E436DE5007EBAC2 /* TableViewData.swift */; };
		35F4185B1E436DE5007EBAC2 /* TableViewDataSource.swift in Sources */ = {isa = PBXBuildFile; fileRef = 35F4184A1E436DE5007EBAC2 /* TableViewDataSource.swift */; };
		35F4185C1E436DE5007EBAC2 /* TableViewSection.swift in Sources */ = {isa = PBXBuildFile; fileRef = 35F4184B1E436DE5007EBAC2 /* TableViewSection.swift */; };
		35F740781DC37C460055E6DD /* Genre.swift in Sources */ = {isa = PBXBuildFile; fileRef = 35F740771DC37C460055E6DD /* Genre.swift */; };
/* End PBXBuildFile section */

/* Begin PBXFileReference section */
		35399EB81DBA0AC800F0A911 /* TableViewCompatible.app */ = {isa = PBXFileReference; explicitFileType = wrapper.application; includeInIndex = 0; path = TableViewCompatible.app; sourceTree = BUILT_PRODUCTS_DIR; };
		35399EBB1DBA0AC800F0A911 /* AppDelegate.swift */ = {isa = PBXFileReference; lastKnownFileType = sourcecode.swift; path = AppDelegate.swift; sourceTree = "<group>"; };
		35399EBD1DBA0AC800F0A911 /* TableViewController.swift */ = {isa = PBXFileReference; lastKnownFileType = sourcecode.swift; path = TableViewController.swift; sourceTree = "<group>"; };
		35399EC01DBA0AC800F0A911 /* Base */ = {isa = PBXFileReference; lastKnownFileType = file.storyboard; name = Base; path = Base.lproj/Main.storyboard; sourceTree = "<group>"; };
		35399EC21DBA0AC800F0A911 /* Assets.xcassets */ = {isa = PBXFileReference; lastKnownFileType = folder.assetcatalog; path = Assets.xcassets; sourceTree = "<group>"; };
		35399EC51DBA0AC800F0A911 /* Base */ = {isa = PBXFileReference; lastKnownFileType = file.storyboard; name = Base; path = Base.lproj/LaunchScreen.storyboard; sourceTree = "<group>"; };
		35399EC71DBA0AC800F0A911 /* Info.plist */ = {isa = PBXFileReference; lastKnownFileType = text.plist.xml; path = Info.plist; sourceTree = "<group>"; };
		35796FA01DBE8C78008D140F /* UserCell.swift */ = {isa = PBXFileReference; fileEncoding = 4; lastKnownFileType = sourcecode.swift; path = UserCell.swift; sourceTree = "<group>"; };
		35796FA21DBF48BF008D140F /* User.swift */ = {isa = PBXFileReference; fileEncoding = 4; lastKnownFileType = sourcecode.swift; path = User.swift; sourceTree = "<group>"; };
		35796FA41DBF4C06008D140F /* SimpleTableViewCell.swift */ = {isa = PBXFileReference; fileEncoding = 4; lastKnownFileType = sourcecode.swift; path = SimpleTableViewCell.swift; sourceTree = "<group>"; };
		35796FA61DBF4C26008D140F /* Storyboard.swift */ = {isa = PBXFileReference; fileEncoding = 4; lastKnownFileType = sourcecode.swift; path = Storyboard.swift; sourceTree = "<group>"; };
		35796FA81DBF4C48008D140F /* MainStoryboard.swift */ = {isa = PBXFileReference; fileEncoding = 4; lastKnownFileType = sourcecode.swift; path = MainStoryboard.swift; sourceTree = "<group>"; };
		35796FAC1DBF4CCD008D140F /* MyTableViewDataSource.swift */ = {isa = PBXFileReference; fileEncoding = 4; lastKnownFileType = sourcecode.swift; path = MyTableViewDataSource.swift; sourceTree = "<group>"; };
		35796FAE1DBF61A1008D140F /* GenreCellModel.swift */ = {isa = PBXFileReference; fileEncoding = 4; lastKnownFileType = sourcecode.swift; path = GenreCellModel.swift; sourceTree = "<group>"; };
		358938331DC0A5CF002032F6 /* AutolayoutTableView.swift */ = {isa = PBXFileReference; fileEncoding = 4; lastKnownFileType = sourcecode.swift; path = AutolayoutTableView.swift; sourceTree = "<group>"; };
		358938371DC0CF11002032F6 /* ViewController+UITableViewDelegate.swift */ = {isa = PBXFileReference; fileEncoding = 4; lastKnownFileType = sourcecode.swift; path = "ViewController+UITableViewDelegate.swift"; sourceTree = "<group>"; };
		35ABAC311E409B2200963006 /* MyCollectionViewDataSource.swift */ = {isa = PBXFileReference; fileEncoding = 4; lastKnownFileType = sourcecode.swift; path = MyCollectionViewDataSource.swift; sourceTree = "<group>"; };
		35ABAC351E40B11600963006 /* CollectionViewController.swift */ = {isa = PBXFileReference; fileEncoding = 4; lastKnownFileType = sourcecode.swift; path = CollectionViewController.swift; sourceTree = "<group>"; };
		35ABAC371E40B13600963006 /* SimpleCellModel.swift */ = {isa = PBXFileReference; fileEncoding = 4; lastKnownFileType = sourcecode.swift; path = SimpleCellModel.swift; sourceTree = "<group>"; };
		35ABAC391E40B15E00963006 /* SimpleCollectionViewCell.swift */ = {isa = PBXFileReference; fileEncoding = 4; lastKnownFileType = sourcecode.swift; path = SimpleCollectionViewCell.swift; sourceTree = "<group>"; };
		35ABAC3C1E40B1B200963006 /* GenreCollectionViewCell.swift */ = {isa = PBXFileReference; fileEncoding = 4; lastKnownFileType = sourcecode.swift; path = GenreCollectionViewCell.swift; sourceTree = "<group>"; };
		35ABAC3E1E40B1C900963006 /* GenreTableViewCell.swift */ = {isa = PBXFileReference; fileEncoding = 4; lastKnownFileType = sourcecode.swift; path = GenreTableViewCell.swift; sourceTree = "<group>"; };
		35ABAC411E40B1FA00963006 /* UserCollectionViewCell.swift */ = {isa = PBXFileReference; fileEncoding = 4; lastKnownFileType = sourcecode.swift; path = UserCollectionViewCell.swift; sourceTree = "<group>"; };
		35ABAC431E40B20A00963006 /* UserTableViewCell.swift */ = {isa = PBXFileReference; fileEncoding = 4; lastKnownFileType = sourcecode.swift; path = UserTableViewCell.swift; sourceTree = "<group>"; };
		35F418391E436DE5007EBAC2 /* DataSource.codesnippet */ = {isa = PBXFileReference; fileEncoding = 4; lastKnownFileType = text.xml; path = DataSource.codesnippet; sourceTree = "<group>"; };
		35F4183A1E436DE5007EBAC2 /* TableViewCompatible.codesnippet */ = {isa = PBXFileReference; fileEncoding = 4; lastKnownFileType = text.xml; path = TableViewCompatible.codesnippet; sourceTree = "<group>"; };
		35F4183C1E436DE5007EBAC2 /* CollectionViewCompatible.swift */ = {isa = PBXFileReference; fileEncoding = 4; lastKnownFileType = sourcecode.swift; path = CollectionViewCompatible.swift; sourceTree = "<group>"; };
		35F4183D1E436DE5007EBAC2 /* CollectionViewData.swift */ = {isa = PBXFileReference; fileEncoding = 4; lastKnownFileType = sourcecode.swift; path = CollectionViewData.swift; sourceTree = "<group>"; };
		35F4183E1E436DE5007EBAC2 /* CollectionViewDataSource.swift */ = {isa = PBXFileReference; fileEncoding = 4; lastKnownFileType = sourcecode.swift; path = CollectionViewDataSource.swift; sourceTree = "<group>"; };
		35F4183F1E436DE5007EBAC2 /* CollectionViewSection.swift */ = {isa = PBXFileReference; fileEncoding = 4; lastKnownFileType = sourcecode.swift; path = CollectionViewSection.swift; sourceTree = "<group>"; };
		35F418431E436DE5007EBAC2 /* ChangeListener.swift */ = {isa = PBXFileReference; fileEncoding = 4; lastKnownFileType = sourcecode.swift; path = ChangeListener.swift; sourceTree = "<group>"; };
		35F418441E436DE5007EBAC2 /* CollectionAndTableViewCompatible.swift */ = {isa = PBXFileReference; fileEncoding = 4; lastKnownFileType = sourcecode.swift; path = CollectionAndTableViewCompatible.swift; sourceTree = "<group>"; };
		35F418451E436DE5007EBAC2 /* Configurable.swift */ = {isa = PBXFileReference; fileEncoding = 4; lastKnownFileType = sourcecode.swift; path = Configurable.swift; sourceTree = "<group>"; };
		35F418461E436DE5007EBAC2 /* DisplayCycle.swift */ = {isa = PBXFileReference; fileEncoding = 4; lastKnownFileType = sourcecode.swift; path = DisplayCycle.swift; sourceTree = "<group>"; };
		35F418481E436DE5007EBAC2 /* TableViewCompatible.swift */ = {isa = PBXFileReference; fileEncoding = 4; lastKnownFileType = sourcecode.swift; path = TableViewCompatible.swift; sourceTree = "<group>"; };
		35F418491E436DE5007EBAC2 /* TableViewData.swift */ = {isa = PBXFileReference; fileEncoding = 4; lastKnownFileType = sourcecode.swift; path = TableViewData.swift; sourceTree = "<group>"; };
		35F4184A1E436DE5007EBAC2 /* TableViewDataSource.swift */ = {isa = PBXFileReference; fileEncoding = 4; lastKnownFileType = sourcecode.swift; path = TableViewDataSource.swift; sourceTree = "<group>"; };
		35F4184B1E436DE5007EBAC2 /* TableViewSection.swift */ = {isa = PBXFileReference; fileEncoding = 4; lastKnownFileType = sourcecode.swift; path = TableViewSection.swift; sourceTree = "<group>"; };
		35F740771DC37C460055E6DD /* Genre.swift */ = {isa = PBXFileReference; fileEncoding = 4; lastKnownFileType = sourcecode.swift; path = Genre.swift; sourceTree = "<group>"; };
/* End PBXFileReference section */

/* Begin PBXFrameworksBuildPhase section */
		35399EB51DBA0AC800F0A911 /* Frameworks */ = {
			isa = PBXFrameworksBuildPhase;
			buildActionMask = 2147483647;
			files = (
			);
			runOnlyForDeploymentPostprocessing = 0;
		};
/* End PBXFrameworksBuildPhase section */

/* Begin PBXGroup section */
		35399EAF1DBA0AC800F0A911 = {
			isa = PBXGroup;
			children = (
				35399EBA1DBA0AC800F0A911 /* TableViewCompatible */,
				35399EB91DBA0AC800F0A911 /* Products */,
			);
			sourceTree = "<group>";
		};
		35399EB91DBA0AC800F0A911 /* Products */ = {
			isa = PBXGroup;
			children = (
				35399EB81DBA0AC800F0A911 /* TableViewCompatible.app */,
			);
			name = Products;
			sourceTree = "<group>";
		};
		35399EBA1DBA0AC800F0A911 /* TableViewCompatible */ = {
			isa = PBXGroup;
			children = (
				35F418361E436DE5007EBAC2 /* CollectionAndTableViewCompatible */,
				358938301DC0A2F7002032F6 /* Model */,
				35399EBB1DBA0AC800F0A911 /* AppDelegate.swift */,
				35399EBD1DBA0AC800F0A911 /* TableViewController.swift */,
				35ABAC351E40B11600963006 /* CollectionViewController.swift */,
				358938371DC0CF11002032F6 /* ViewController+UITableViewDelegate.swift */,
				35796FAC1DBF4CCD008D140F /* MyTableViewDataSource.swift */,
				35ABAC311E409B2200963006 /* MyCollectionViewDataSource.swift */,
				358938321DC0A32A002032F6 /* Cells */,
				358938311DC0A311002032F6 /* UI */,
				35399EC21DBA0AC800F0A911 /* Assets.xcassets */,
				35399EC41DBA0AC800F0A911 /* LaunchScreen.storyboard */,
				35399EC71DBA0AC800F0A911 /* Info.plist */,
				358938331DC0A5CF002032F6 /* AutolayoutTableView.swift */,
			);
			path = TableViewCompatible;
			sourceTree = "<group>";
		};
		358938301DC0A2F7002032F6 /* Model */ = {
			isa = PBXGroup;
			children = (
				35F740771DC37C460055E6DD /* Genre.swift */,
				35796FA21DBF48BF008D140F /* User.swift */,
			);
			name = Model;
			sourceTree = "<group>";
		};
		358938311DC0A311002032F6 /* UI */ = {
			isa = PBXGroup;
			children = (
				35796FA61DBF4C26008D140F /* Storyboard.swift */,
				35796FA81DBF4C48008D140F /* MainStoryboard.swift */,
				35399EBF1DBA0AC800F0A911 /* Main.storyboard */,
			);
			name = UI;
			sourceTree = "<group>";
		};
		358938321DC0A32A002032F6 /* Cells */ = {
			isa = PBXGroup;
			children = (
				35ABAC3B1E40B18000963006 /* SimpleCell */,
				35ABAC401E40B1E200963006 /* GenreCell */,
				35ABAC451E40B21E00963006 /* UserCell */,
			);
			name = Cells;
			sourceTree = "<group>";
		};
		35ABAC3B1E40B18000963006 /* SimpleCell */ = {
			isa = PBXGroup;
			children = (
				35ABAC371E40B13600963006 /* SimpleCellModel.swift */,
				35796FA41DBF4C06008D140F /* SimpleTableViewCell.swift */,
				35ABAC391E40B15E00963006 /* SimpleCollectionViewCell.swift */,
			);
			name = SimpleCell;
			sourceTree = "<group>";
		};
		35ABAC401E40B1E200963006 /* GenreCell */ = {
			isa = PBXGroup;
			children = (
				35796FAE1DBF61A1008D140F /* GenreCellModel.swift */,
				35ABAC3C1E40B1B200963006 /* GenreCollectionViewCell.swift */,
				35ABAC3E1E40B1C900963006 /* GenreTableViewCell.swift */,
			);
			name = GenreCell;
			sourceTree = "<group>";
		};
		35ABAC451E40B21E00963006 /* UserCell */ = {
			isa = PBXGroup;
			children = (
				35796FA01DBE8C78008D140F /* UserCell.swift */,
				35ABAC411E40B1FA00963006 /* UserCollectionViewCell.swift */,
				35ABAC431E40B20A00963006 /* UserTableViewCell.swift */,
			);
			name = UserCell;
			sourceTree = "<group>";
		};
		35F418361E436DE5007EBAC2 /* CollectionAndTableViewCompatible */ = {
			isa = PBXGroup;
			children = (
				35F418381E436DE5007EBAC2 /* Code Snippets */,
				35F4183B1E436DE5007EBAC2 /* CollectionViewCompatible */,
				35F418421E436DE5007EBAC2 /* Shared */,
				35F418471E436DE5007EBAC2 /* TableViewCompatible */,
			);
			path = CollectionAndTableViewCompatible;
			sourceTree = SOURCE_ROOT;
		};
		35F418381E436DE5007EBAC2 /* Code Snippets */ = {
			isa = PBXGroup;
			children = (
				35F418391E436DE5007EBAC2 /* DataSource.codesnippet */,
				35F4183A1E436DE5007EBAC2 /* TableViewCompatible.codesnippet */,
			);
			path = "Code Snippets";
			sourceTree = "<group>";
		};
		35F4183B1E436DE5007EBAC2 /* CollectionViewCompatible */ = {
			isa = PBXGroup;
			children = (
				35F4183C1E436DE5007EBAC2 /* CollectionViewCompatible.swift */,
				35F4183D1E436DE5007EBAC2 /* CollectionViewData.swift */,
				35F4183E1E436DE5007EBAC2 /* CollectionViewDataSource.swift */,
				35F4183F1E436DE5007EBAC2 /* CollectionViewSection.swift */,
			);
			path = CollectionViewCompatible;
			sourceTree = "<group>";
		};
		35F418421E436DE5007EBAC2 /* Shared */ = {
			isa = PBXGroup;
			children = (
				35F418431E436DE5007EBAC2 /* ChangeListener.swift */,
				35F418441E436DE5007EBAC2 /* CollectionAndTableViewCompatible.swift */,
				35F418451E436DE5007EBAC2 /* Configurable.swift */,
				35F418461E436DE5007EBAC2 /* DisplayCycle.swift */,
			);
			path = Shared;
			sourceTree = "<group>";
		};
		35F418471E436DE5007EBAC2 /* TableViewCompatible */ = {
			isa = PBXGroup;
			children = (
				35F418481E436DE5007EBAC2 /* TableViewCompatible.swift */,
				35F418491E436DE5007EBAC2 /* TableViewData.swift */,
				35F4184A1E436DE5007EBAC2 /* TableViewDataSource.swift */,
				35F4184B1E436DE5007EBAC2 /* TableViewSection.swift */,
			);
			path = TableViewCompatible;
			sourceTree = "<group>";
		};
/* End PBXGroup section */

/* Begin PBXNativeTarget section */
		35399EB71DBA0AC800F0A911 /* TableViewCompatible */ = {
			isa = PBXNativeTarget;
			buildConfigurationList = 35399ECA1DBA0AC800F0A911 /* Build configuration list for PBXNativeTarget "TableViewCompatible" */;
			buildPhases = (
				35399EB41DBA0AC800F0A911 /* Sources */,
				35399EB51DBA0AC800F0A911 /* Frameworks */,
				35399EB61DBA0AC800F0A911 /* Resources */,
			);
			buildRules = (
			);
			dependencies = (
			);
			name = TableViewCompatible;
			productName = TableViewCompatible;
			productReference = 35399EB81DBA0AC800F0A911 /* TableViewCompatible.app */;
			productType = "com.apple.product-type.application";
		};
/* End PBXNativeTarget section */

/* Begin PBXProject section */
		35399EB01DBA0AC800F0A911 /* Project object */ = {
			isa = PBXProject;
			attributes = {
				LastSwiftUpdateCheck = 0800;
				LastUpgradeCheck = 0810;
				ORGANIZATIONNAME = "Fredrik Nannestad";
				TargetAttributes = {
					35399EB71DBA0AC800F0A911 = {
						CreatedOnToolsVersion = 8.0;
						DevelopmentTeam = Z7P758V3W8;
						ProvisioningStyle = Automatic;
					};
				};
			};
			buildConfigurationList = 35399EB31DBA0AC800F0A911 /* Build configuration list for PBXProject "TableViewCompatible" */;
			compatibilityVersion = "Xcode 3.2";
			developmentRegion = English;
			hasScannedForEncodings = 0;
			knownRegions = (
				en,
				Base,
			);
			mainGroup = 35399EAF1DBA0AC800F0A911;
			productRefGroup = 35399EB91DBA0AC800F0A911 /* Products */;
			projectDirPath = "";
			projectRoot = "";
			targets = (
				35399EB71DBA0AC800F0A911 /* TableViewCompatible */,
			);
		};
/* End PBXProject section */

/* Begin PBXResourcesBuildPhase section */
		35399EB61DBA0AC800F0A911 /* Resources */ = {
			isa = PBXResourcesBuildPhase;
			buildActionMask = 2147483647;
			files = (
				35F4184E1E436DE5007EBAC2 /* TableViewCompatible.codesnippet in Resources */,
				35F4184D1E436DE5007EBAC2 /* DataSource.codesnippet in Resources */,
				35399EC61DBA0AC800F0A911 /* LaunchScreen.storyboard in Resources */,
				35399EC31DBA0AC800F0A911 /* Assets.xcassets in Resources */,
				35399EC11DBA0AC800F0A911 /* Main.storyboard in Resources */,
			);
			runOnlyForDeploymentPostprocessing = 0;
		};
/* End PBXResourcesBuildPhase section */

/* Begin PBXSourcesBuildPhase section */
		35399EB41DBA0AC800F0A911 /* Sources */ = {
			isa = PBXSourcesBuildPhase;
			buildActionMask = 2147483647;
			files = (
				35ABAC361E40B11600963006 /* CollectionViewController.swift in Sources */,
				35399EBE1DBA0AC800F0A911 /* TableViewController.swift in Sources */,
				35F4185B1E436DE5007EBAC2 /* TableViewDataSource.swift in Sources */,
				35ABAC3A1E40B15E00963006 /* SimpleCollectionViewCell.swift in Sources */,
				35796FA71DBF4C26008D140F /* Storyboard.swift in Sources */,
				35ABAC381E40B13600963006 /* SimpleCellModel.swift in Sources */,
				35F4185A1E436DE5007EBAC2 /* TableViewData.swift in Sources */,
				35796FAD1DBF4CCD008D140F /* MyTableViewDataSource.swift in Sources */,
				358938381DC0CF11002032F6 /* ViewController+UITableViewDelegate.swift in Sources */,
				35F418581E436DE5007EBAC2 /* DisplayCycle.swift in Sources */,
				35796FA51DBF4C06008D140F /* SimpleTableViewCell.swift in Sources */,
				35ABAC3D1E40B1B200963006 /* GenreCollectionViewCell.swift in Sources */,
				358938341DC0A5CF002032F6 /* AutolayoutTableView.swift in Sources */,
				35F418571E436DE5007EBAC2 /* Configurable.swift in Sources */,
				35ABAC321E409B2200963006 /* MyCollectionViewDataSource.swift in Sources */,
				35ABAC421E40B1FA00963006 /* UserCollectionViewCell.swift in Sources */,
				35ABAC3F1E40B1C900963006 /* GenreTableViewCell.swift in Sources */,
				35F418561E436DE5007EBAC2 /* CollectionAndTableViewCompatible.swift in Sources */,
				35ABAC441E40B20A00963006 /* UserTableViewCell.swift in Sources */,
				35399EBC1DBA0AC800F0A911 /* AppDelegate.swift in Sources */,
				35F4185C1E436DE5007EBAC2 /* TableViewSection.swift in Sources */,
				35F418591E436DE5007EBAC2 /* TableViewCompatible.swift in Sources */,
				35F4184F1E436DE5007EBAC2 /* CollectionViewCompatible.swift in Sources */,
				35796FAF1DBF61A1008D140F /* GenreCellModel.swift in Sources */,
				35F418511E436DE5007EBAC2 /* CollectionViewDataSource.swift in Sources */,
				35F418521E436DE5007EBAC2 /* CollectionViewSection.swift in Sources */,
				35796FA91DBF4C48008D140F /* MainStoryboard.swift in Sources */,
				35F418551E436DE5007EBAC2 /* ChangeListener.swift in Sources */,
				35F418501E436DE5007EBAC2 /* CollectionViewData.swift in Sources */,
				35796FA11DBE8C78008D140F /* UserCell.swift in Sources */,
				35796FA31DBF48BF008D140F /* User.swift in Sources */,
				35F740781DC37C460055E6DD /* Genre.swift in Sources */,
			);
			runOnlyForDeploymentPostprocessing = 0;
		};
/* End PBXSourcesBuildPhase section */

/* Begin PBXVariantGroup section */
		35399EBF1DBA0AC800F0A911 /* Main.storyboard */ = {
			isa = PBXVariantGroup;
			children = (
				35399EC01DBA0AC800F0A911 /* Base */,
			);
			name = Main.storyboard;
			sourceTree = "<group>";
		};
		35399EC41DBA0AC800F0A911 /* LaunchScreen.storyboard */ = {
			isa = PBXVariantGroup;
			children = (
				35399EC51DBA0AC800F0A911 /* Base */,
			);
			name = LaunchScreen.storyboard;
			sourceTree = "<group>";
		};
/* End PBXVariantGroup section */

/* Begin XCBuildConfiguration section */
		35399EC81DBA0AC800F0A911 /* Debug */ = {
			isa = XCBuildConfiguration;
			buildSettings = {
				ALWAYS_SEARCH_USER_PATHS = NO;
				CLANG_ANALYZER_NONNULL = YES;
				CLANG_CXX_LANGUAGE_STANDARD = "gnu++0x";
				CLANG_CXX_LIBRARY = "libc++";
				CLANG_ENABLE_MODULES = YES;
				CLANG_ENABLE_OBJC_ARC = YES;
				CLANG_WARN_BOOL_CONVERSION = YES;
				CLANG_WARN_CONSTANT_CONVERSION = YES;
				CLANG_WARN_DIRECT_OBJC_ISA_USAGE = YES_ERROR;
				CLANG_WARN_DOCUMENTATION_COMMENTS = YES;
				CLANG_WARN_EMPTY_BODY = YES;
				CLANG_WARN_ENUM_CONVERSION = YES;
				CLANG_WARN_INFINITE_RECURSION = YES;
				CLANG_WARN_INT_CONVERSION = YES;
				CLANG_WARN_OBJC_ROOT_CLASS = YES_ERROR;
				CLANG_WARN_SUSPICIOUS_MOVE = YES;
				CLANG_WARN_SUSPICIOUS_MOVES = YES;
				CLANG_WARN_UNREACHABLE_CODE = YES;
				CLANG_WARN__DUPLICATE_METHOD_MATCH = YES;
				"CODE_SIGN_IDENTITY[sdk=iphoneos*]" = "iPhone Developer";
				COPY_PHASE_STRIP = NO;
				DEBUG_INFORMATION_FORMAT = dwarf;
				ENABLE_STRICT_OBJC_MSGSEND = YES;
				ENABLE_TESTABILITY = YES;
				GCC_C_LANGUAGE_STANDARD = gnu99;
				GCC_DYNAMIC_NO_PIC = NO;
				GCC_NO_COMMON_BLOCKS = YES;
				GCC_OPTIMIZATION_LEVEL = 0;
				GCC_PREPROCESSOR_DEFINITIONS = (
					"DEBUG=1",
					"$(inherited)",
				);
				GCC_WARN_64_TO_32_BIT_CONVERSION = YES;
				GCC_WARN_ABOUT_RETURN_TYPE = YES_ERROR;
				GCC_WARN_UNDECLARED_SELECTOR = YES;
				GCC_WARN_UNINITIALIZED_AUTOS = YES_AGGRESSIVE;
				GCC_WARN_UNUSED_FUNCTION = YES;
				GCC_WARN_UNUSED_VARIABLE = YES;
				IPHONEOS_DEPLOYMENT_TARGET = 10.0;
				MTL_ENABLE_DEBUG_INFO = YES;
				ONLY_ACTIVE_ARCH = YES;
				SDKROOT = iphoneos;
				SWIFT_ACTIVE_COMPILATION_CONDITIONS = DEBUG;
				SWIFT_OPTIMIZATION_LEVEL = "-Onone";
				TARGETED_DEVICE_FAMILY = "1,2";
			};
			name = Debug;
		};
		35399EC91DBA0AC800F0A911 /* Release */ = {
			isa = XCBuildConfiguration;
			buildSettings = {
				ALWAYS_SEARCH_USER_PATHS = NO;
				CLANG_ANALYZER_NONNULL = YES;
				CLANG_CXX_LANGUAGE_STANDARD = "gnu++0x";
				CLANG_CXX_LIBRARY = "libc++";
				CLANG_ENABLE_MODULES = YES;
				CLANG_ENABLE_OBJC_ARC = YES;
				CLANG_WARN_BOOL_CONVERSION = YES;
				CLANG_WARN_CONSTANT_CONVERSION = YES;
				CLANG_WARN_DIRECT_OBJC_ISA_USAGE = YES_ERROR;
				CLANG_WARN_DOCUMENTATION_COMMENTS = YES;
				CLANG_WARN_EMPTY_BODY = YES;
				CLANG_WARN_ENUM_CONVERSION = YES;
				CLANG_WARN_INFINITE_RECURSION = YES;
				CLANG_WARN_INT_CONVERSION = YES;
				CLANG_WARN_OBJC_ROOT_CLASS = YES_ERROR;
				CLANG_WARN_SUSPICIOUS_MOVE = YES;
				CLANG_WARN_SUSPICIOUS_MOVES = YES;
				CLANG_WARN_UNREACHABLE_CODE = YES;
				CLANG_WARN__DUPLICATE_METHOD_MATCH = YES;
				"CODE_SIGN_IDENTITY[sdk=iphoneos*]" = "iPhone Developer";
				COPY_PHASE_STRIP = NO;
				DEBUG_INFORMATION_FORMAT = "dwarf-with-dsym";
				ENABLE_NS_ASSERTIONS = NO;
				ENABLE_STRICT_OBJC_MSGSEND = YES;
				GCC_C_LANGUAGE_STANDARD = gnu99;
				GCC_NO_COMMON_BLOCKS = YES;
				GCC_WARN_64_TO_32_BIT_CONVERSION = YES;
				GCC_WARN_ABOUT_RETURN_TYPE = YES_ERROR;
				GCC_WARN_UNDECLARED_SELECTOR = YES;
				GCC_WARN_UNINITIALIZED_AUTOS = YES_AGGRESSIVE;
				GCC_WARN_UNUSED_FUNCTION = YES;
				GCC_WARN_UNUSED_VARIABLE = YES;
				IPHONEOS_DEPLOYMENT_TARGET = 10.0;
				MTL_ENABLE_DEBUG_INFO = NO;
				SDKROOT = iphoneos;
				SWIFT_OPTIMIZATION_LEVEL = "-Owholemodule";
				TARGETED_DEVICE_FAMILY = "1,2";
				VALIDATE_PRODUCT = YES;
			};
			name = Release;
		};
		35399ECB1DBA0AC800F0A911 /* Debug */ = {
			isa = XCBuildConfiguration;
			buildSettings = {
				ASSETCATALOG_COMPILER_APPICON_NAME = AppIcon;
				DEVELOPMENT_TEAM = Z7P758V3W8;
				INFOPLIST_FILE = TableViewCompatible/Info.plist;
				LD_RUNPATH_SEARCH_PATHS = "$(inherited) @executable_path/Frameworks";
				PRODUCT_BUNDLE_IDENTIFIER = dk.kornflex.TableViewCompatible;
				PRODUCT_NAME = "$(TARGET_NAME)";
				SWIFT_VERSION = 3.0;
			};
			name = Debug;
		};
		35399ECC1DBA0AC800F0A911 /* Release */ = {
			isa = XCBuildConfiguration;
			buildSettings = {
				ASSETCATALOG_COMPILER_APPICON_NAME = AppIcon;
				DEVELOPMENT_TEAM = Z7P758V3W8;
				INFOPLIST_FILE = TableViewCompatible/Info.plist;
				LD_RUNPATH_SEARCH_PATHS = "$(inherited) @executable_path/Frameworks";
				PRODUCT_BUNDLE_IDENTIFIER = dk.kornflex.TableViewCompatible;
				PRODUCT_NAME = "$(TARGET_NAME)";
				SWIFT_VERSION = 3.0;
			};
			name = Release;
		};
/* End XCBuildConfiguration section */

/* Begin XCConfigurationList section */
		35399EB31DBA0AC800F0A911 /* Build configuration list for PBXProject "TableViewCompatible" */ = {
			isa = XCConfigurationList;
			buildConfigurations = (
				35399EC81DBA0AC800F0A911 /* Debug */,
				35399EC91DBA0AC800F0A911 /* Release */,
			);
			defaultConfigurationIsVisible = 0;
			defaultConfigurationName = Release;
		};
		35399ECA1DBA0AC800F0A911 /* Build configuration list for PBXNativeTarget "TableViewCompatible" */ = {
			isa = XCConfigurationList;
			buildConfigurations = (
				35399ECB1DBA0AC800F0A911 /* Debug */,
				35399ECC1DBA0AC800F0A911 /* Release */,
			);
			defaultConfigurationIsVisible = 0;
			defaultConfigurationName = Release;
		};
/* End XCConfigurationList section */
	};
	rootObject = 35399EB01DBA0AC800F0A911 /* Project object */;
}
